
Microsoft Visual Studio Solution File, Format Version 12.00
Project("{FAE04EC0-301F-11D3-BF4B-00C04F79EFBC}") = "DietTracker.Api", "DietTracker.Api\DietTracker.Api.csproj", "{A0626A01-F416-4659-BDC8-FB80D1B92EB4}"
EndProject
Project("{FAE04EC0-301F-11D3-BF4B-00C04F79EFBC}") = "DietTracker.Core", "DietTracker.Core\DietTracker.Core.csproj", "{B4C639AD-B8A1-4DEA-AF1A-C36084F28A53}"
EndProject
Project("{FAE04EC0-301F-11D3-BF4B-00C04F79EFBC}") = "DietTracker.Persistence", "DietTracker.Persistence\DietTracker.Persistence.csproj", "{6235108A-FCC8-4E6F-A2C6-E2211593B755}"
EndProject
Project("{FAE04EC0-301F-11D3-BF4B-00C04F79EFBC}") = "DietTracker.Core.Auth", "DietTracker.Core.Auth\DietTracker.Core.Auth.csproj", "{C433162B-C184-474A-A830-99E8EFCBF480}"
EndProject
Project("{FAE04EC0-301F-11D3-BF4B-00C04F79EFBC}") = "DietTracker.Core.Common", "DietTracker.Core.Common\DietTracker.Core.Common.csproj", "{394104CE-F1C1-4026-97D8-3123DBF490B1}"
EndProject
Global
	GlobalSection(SolutionConfigurationPlatforms) = preSolution
		Debug|Any CPU = Debug|Any CPU
		Release|Any CPU = Release|Any CPU
	EndGlobalSection
	GlobalSection(ProjectConfigurationPlatforms) = postSolution
		{A0626A01-F416-4659-BDC8-FB80D1B92EB4}.Debug|Any CPU.ActiveCfg = Debug|Any CPU
		{A0626A01-F416-4659-BDC8-FB80D1B92EB4}.Debug|Any CPU.Build.0 = Debug|Any CPU
		{A0626A01-F416-4659-BDC8-FB80D1B92EB4}.Release|Any CPU.ActiveCfg = Release|Any CPU
		{A0626A01-F416-4659-BDC8-FB80D1B92EB4}.Release|Any CPU.Build.0 = Release|Any CPU
		{B4C639AD-B8A1-4DEA-AF1A-C36084F28A53}.Debug|Any CPU.ActiveCfg = Debug|Any CPU
		{B4C639AD-B8A1-4DEA-AF1A-C36084F28A53}.Debug|Any CPU.Build.0 = Debug|Any CPU
		{B4C639AD-B8A1-4DEA-AF1A-C36084F28A53}.Release|Any CPU.ActiveCfg = Release|Any CPU
		{B4C639AD-B8A1-4DEA-AF1A-C36084F28A53}.Release|Any CPU.Build.0 = Release|Any CPU
		{6235108A-FCC8-4E6F-A2C6-E2211593B755}.Debug|Any CPU.ActiveCfg = Debug|Any CPU
		{6235108A-FCC8-4E6F-A2C6-E2211593B755}.Debug|Any CPU.Build.0 = Debug|Any CPU
		{6235108A-FCC8-4E6F-A2C6-E2211593B755}.Release|Any CPU.ActiveCfg = Release|Any CPU
		{6235108A-FCC8-4E6F-A2C6-E2211593B755}.Release|Any CPU.Build.0 = Release|Any CPU
		{C433162B-C184-474A-A830-99E8EFCBF480}.Debug|Any CPU.ActiveCfg = Debug|Any CPU
		{C433162B-C184-474A-A830-99E8EFCBF480}.Debug|Any CPU.Build.0 = Debug|Any CPU
		{C433162B-C184-474A-A830-99E8EFCBF480}.Release|Any CPU.ActiveCfg = Release|Any CPU
		{C433162B-C184-474A-A830-99E8EFCBF480}.Release|Any CPU.Build.0 = Release|Any CPU
		{394104CE-F1C1-4026-97D8-3123DBF490B1}.Debug|Any CPU.ActiveCfg = Debug|Any CPU
		{394104CE-F1C1-4026-97D8-3123DBF490B1}.Debug|Any CPU.Build.0 = Debug|Any CPU
		{394104CE-F1C1-4026-97D8-3123DBF490B1}.Release|Any CPU.ActiveCfg = Release|Any CPU
		{394104CE-F1C1-4026-97D8-3123DBF490B1}.Release|Any CPU.Build.0 = Release|Any CPU
	EndGlobalSection
EndGlobal
